
Microsoft Visual Studio Solution File, Format Version 12.00
# Visual Studio 2015
Project("{FAE04EC0-301F-11D3-BF4B-00C04F79EFBC}") = "Unity_3DGame.CSharp", "Unity_3DGame.CSharp.csproj", "{ACE2AEED-4E96-BF39-7657-C98462BE0188}"
EndProject
Project("{FAE04EC0-301F-11D3-BF4B-00C04F79EFBC}") = "Unity_3DGame.CSharp.Editor", "Unity_3DGame.CSharp.Editor.csproj", "{12FB1378-2B01-41E3-E64C-C23A79CE4F84}"
EndProject
Project("{A4CF4D65-16E1-CF24-D118-9AE15C45C371}") = "Unity_3DGame", "Assembly-UnityScript.unityproj", "{8D175FD5-E39A-0E2B-4D1F-FEA81867746D}"
EndProject
Global
	GlobalSection(SolutionConfigurationPlatforms) = preSolution
		Debug|Any CPU = Debug|Any CPU
		Release|Any CPU = Release|Any CPU
	EndGlobalSection
	GlobalSection(ProjectConfigurationPlatforms) = postSolution
<<<<<<< HEAD
		{174DD68F-5386-2F3E-F22E-B2C438AFF47C}.Debug|Any CPU.ActiveCfg = Debug|Any CPU
		{174DD68F-5386-2F3E-F22E-B2C438AFF47C}.Debug|Any CPU.Build.0 = Debug|Any CPU
		{174DD68F-5386-2F3E-F22E-B2C438AFF47C}.Release|Any CPU.ActiveCfg = Release|Any CPU
		{174DD68F-5386-2F3E-F22E-B2C438AFF47C}.Release|Any CPU.Build.0 = Release|Any CPU
		{30398C4F-2C3C-E24D-8B70-D21C0BB5F261}.Debug|Any CPU.ActiveCfg = Debug|Any CPU
		{30398C4F-2C3C-E24D-8B70-D21C0BB5F261}.Debug|Any CPU.Build.0 = Debug|Any CPU
		{30398C4F-2C3C-E24D-8B70-D21C0BB5F261}.Release|Any CPU.ActiveCfg = Release|Any CPU
		{30398C4F-2C3C-E24D-8B70-D21C0BB5F261}.Release|Any CPU.Build.0 = Release|Any CPU
		{8D175FD5-E39A-0E2B-4D1F-FEA81867746D}.Debug|Any CPU.ActiveCfg = Debug|Any CPU
		{8D175FD5-E39A-0E2B-4D1F-FEA81867746D}.Debug|Any CPU.Build.0 = Debug|Any CPU
		{8D175FD5-E39A-0E2B-4D1F-FEA81867746D}.Release|Any CPU.ActiveCfg = Release|Any CPU
		{8D175FD5-E39A-0E2B-4D1F-FEA81867746D}.Release|Any CPU.Build.0 = Release|Any CPU
=======
		{ACE2AEED-4E96-BF39-7657-C98462BE0188}.Debug|Any CPU.ActiveCfg = Debug|Any CPU
		{ACE2AEED-4E96-BF39-7657-C98462BE0188}.Debug|Any CPU.Build.0 = Debug|Any CPU
		{ACE2AEED-4E96-BF39-7657-C98462BE0188}.Release|Any CPU.ActiveCfg = Release|Any CPU
		{ACE2AEED-4E96-BF39-7657-C98462BE0188}.Release|Any CPU.Build.0 = Release|Any CPU
		{12FB1378-2B01-41E3-E64C-C23A79CE4F84}.Debug|Any CPU.ActiveCfg = Debug|Any CPU
		{12FB1378-2B01-41E3-E64C-C23A79CE4F84}.Debug|Any CPU.Build.0 = Debug|Any CPU
		{12FB1378-2B01-41E3-E64C-C23A79CE4F84}.Release|Any CPU.ActiveCfg = Release|Any CPU
		{12FB1378-2B01-41E3-E64C-C23A79CE4F84}.Release|Any CPU.Build.0 = Release|Any CPU
>>>>>>> a1691e30ab729bfcdc5fa4f170496d264d1b830a
	EndGlobalSection
	GlobalSection(SolutionProperties) = preSolution
		HideSolutionNode = FALSE
	EndGlobalSection
EndGlobal
