
Microsoft Visual Studio Solution File, Format Version 12.00
# Visual Studio 2015
Project("{FAE04EC0-301F-11D3-BF4B-00C04F79EFBC}") = "Unity_3DGame.CSharp", "Unity_3DGame.CSharp.csproj", "{ACE2AEED-4E96-BF39-7657-C98462BE0188}"
EndProject
Project("{FAE04EC0-301F-11D3-BF4B-00C04F79EFBC}") = "Unity_3DGame.CSharp.Editor", "Unity_3DGame.CSharp.Editor.csproj", "{12FB1378-2B01-41E3-E64C-C23A79CE4F84}"
EndProject
Global
	GlobalSection(SolutionConfigurationPlatforms) = preSolution
		Debug|Any CPU = Debug|Any CPU
		Release|Any CPU = Release|Any CPU
	EndGlobalSection
	GlobalSection(ProjectConfigurationPlatforms) = postSolution
		{ACE2AEED-4E96-BF39-7657-C98462BE0188}.Debug|Any CPU.ActiveCfg = Debug|Any CPU
		{ACE2AEED-4E96-BF39-7657-C98462BE0188}.Debug|Any CPU.Build.0 = Debug|Any CPU
		{ACE2AEED-4E96-BF39-7657-C98462BE0188}.Release|Any CPU.ActiveCfg = Release|Any CPU
		{ACE2AEED-4E96-BF39-7657-C98462BE0188}.Release|Any CPU.Build.0 = Release|Any CPU
		{12FB1378-2B01-41E3-E64C-C23A79CE4F84}.Debug|Any CPU.ActiveCfg = Debug|Any CPU
		{12FB1378-2B01-41E3-E64C-C23A79CE4F84}.Debug|Any CPU.Build.0 = Debug|Any CPU
		{12FB1378-2B01-41E3-E64C-C23A79CE4F84}.Release|Any CPU.ActiveCfg = Release|Any CPU
		{12FB1378-2B01-41E3-E64C-C23A79CE4F84}.Release|Any CPU.Build.0 = Release|Any CPU
	EndGlobalSection
	GlobalSection(SolutionProperties) = preSolution
		HideSolutionNode = FALSE
	EndGlobalSection
EndGlobal
